
Microsoft Visual Studio Solution File, Format Version 12.00
# Visual Studio Version 17
VisualStudioVersion = 17.3.32825.248
MinimumVisualStudioVersion = 10.0.40219.1
Project("{2150E333-8FDC-42A3-9474-1A3956D46DE8}") = "Creational", "Creational", "{7667DDB7-BBD4-4B7E-AE94-47578A0A88B1}"
EndProject
Project("{2150E333-8FDC-42A3-9474-1A3956D46DE8}") = "Structural", "Structural", "{E38DFAD3-9DBD-4CE7-BE69-3433CCCE481B}"
EndProject
Project("{2150E333-8FDC-42A3-9474-1A3956D46DE8}") = "Behavioral", "Behavioral", "{BFE0CF29-F420-4113-B11A-4DACCDA4F6FF}"
EndProject
Project("{9A19103F-16F7-4668-BE54-9A1E7A4F7556}") = "FactoryMethod", "Creational\FactoryMethod\FactoryMethod.csproj", "{9395CFB2-04EE-4ACF-A2AB-CD46107C4796}"
EndProject
Project("{9A19103F-16F7-4668-BE54-9A1E7A4F7556}") = "AbstractFactory", "AbstractFactory\AbstractFactory.csproj", "{1090F9A9-B835-4ADC-8267-A66DFE761D8E}"
EndProject
Project("{9A19103F-16F7-4668-BE54-9A1E7A4F7556}") = "Builder", "Builder\Builder.csproj", "{5FD62D63-BACE-4862-A25F-D5E48CE7B39A}"
EndProject
Project("{9A19103F-16F7-4668-BE54-9A1E7A4F7556}") = "Prototype", "Prototype\Prototype.csproj", "{11F725C1-2A08-4A75-9A64-3EB98AB32E47}"
EndProject
Project("{9A19103F-16F7-4668-BE54-9A1E7A4F7556}") = "Singleton", "Singleton\Singleton.csproj", "{12667224-0459-4B20-98C4-EA9AE8C82CCD}"
EndProject
Project("{9A19103F-16F7-4668-BE54-9A1E7A4F7556}") = "Adapter", "Structural\Adapter\Adapter.csproj", "{B3CE989C-210B-4DA3-A5EE-2EFFCF9FB0C6}"
EndProject
Project("{9A19103F-16F7-4668-BE54-9A1E7A4F7556}") = "Bridge", "Structural\Bridge\Bridge.csproj", "{085261B8-C90B-4195-B3A2-30543C5DD383}"
EndProject
Project("{9A19103F-16F7-4668-BE54-9A1E7A4F7556}") = "Composite", "Structural\Composite\Composite.csproj", "{562FB54D-34E2-4552-BDB2-03C2452EDB2B}"
EndProject
Project("{9A19103F-16F7-4668-BE54-9A1E7A4F7556}") = "Decorator", "Decorator\Decorator.csproj", "{5C4B319E-6D33-4A8B-B485-D4998A2142A3}"
EndProject
Project("{9A19103F-16F7-4668-BE54-9A1E7A4F7556}") = "Façade", "Structural\Façade\Façade.csproj", "{1BACA280-7D8E-41D6-9EE8-3F719F060F09}"
EndProject
Project("{9A19103F-16F7-4668-BE54-9A1E7A4F7556}") = "Flyweight", "Flyweight\Flyweight.csproj", "{A77F7C89-289D-40C4-AD10-92FAB96A00E1}"
EndProject
Project("{9A19103F-16F7-4668-BE54-9A1E7A4F7556}") = "Proxy", "Structural\Proxy\Proxy.csproj", "{11C9B38D-DF6D-4F2B-8027-671AA9E25EF3}"
EndProject
Project("{9A19103F-16F7-4668-BE54-9A1E7A4F7556}") = "ChainOfResponsibility", "Behavioral\ChainOfResponsibility\ChainOfResponsibility.csproj", "{209995FC-2F87-46B2-9491-C900E173D18C}"
EndProject
Project("{9A19103F-16F7-4668-BE54-9A1E7A4F7556}") = "Command", "Behavioral\Command\Command.csproj", "{C0551417-9833-4839-BD87-F2EFA65D90FF}"
EndProject
Project("{9A19103F-16F7-4668-BE54-9A1E7A4F7556}") = "Iterator", "Behavioral\Iterator\Iterator.csproj", "{AB468D8A-BF92-4D5A-8116-175C370B0EAD}"
EndProject
Project("{9A19103F-16F7-4668-BE54-9A1E7A4F7556}") = "Strategy", "Behavioral\Strategy\Strategy.csproj", "{CFB9B689-E816-4D25-B309-AC9E98F1FA70}"
EndProject
Project("{9A19103F-16F7-4668-BE54-9A1E7A4F7556}") = "Observer", "Behavioral\Observer\Observer.csproj", "{AA39E935-718F-4D2E-BA13-DC94E10F3A98}"
EndProject
Project("{9A19103F-16F7-4668-BE54-9A1E7A4F7556}") = "TemplateMethod", "TemplateMethod\TemplateMethod.csproj", "{D8175655-977E-4200-B612-BF8D2DC3CCBB}"
EndProject
Project("{9A19103F-16F7-4668-BE54-9A1E7A4F7556}") = "Memento", "Memento\Memento.csproj", "{5AFF7E22-7496-4024-8090-FD1BD5B0F60C}"
EndProject
Project("{FAE04EC0-301F-11D3-BF4B-00C04F79EFBC}") = "Interpreter", "Behavioral\Interpreter\Interpreter.csproj", "{375496EF-893D-4341-A77E-B530CD95C3C5}"
EndProject
Project("{FAE04EC0-301F-11D3-BF4B-00C04F79EFBC}") = "Mediator", "Behavioral\Mediator\Mediator.csproj", "{24AF6161-58E4-4E39-93E3-853ED02B5025}"
EndProject
Project("{FAE04EC0-301F-11D3-BF4B-00C04F79EFBC}") = "State", "Behavioral\State\State.csproj", "{76F1E59E-BE10-40C9-B93E-847FE4502F63}"
EndProject
Project("{FAE04EC0-301F-11D3-BF4B-00C04F79EFBC}") = "Visitor", "Behavioral\Visitor\Visitor.csproj", "{7247DA76-01CE-47AA-B3B6-7083B3275349}"
EndProject
Global
	GlobalSection(SolutionConfigurationPlatforms) = preSolution
		Debug|Any CPU = Debug|Any CPU
		Release|Any CPU = Release|Any CPU
	EndGlobalSection
	GlobalSection(ProjectConfigurationPlatforms) = postSolution
		{9395CFB2-04EE-4ACF-A2AB-CD46107C4796}.Debug|Any CPU.ActiveCfg = Debug|Any CPU
		{9395CFB2-04EE-4ACF-A2AB-CD46107C4796}.Debug|Any CPU.Build.0 = Debug|Any CPU
		{9395CFB2-04EE-4ACF-A2AB-CD46107C4796}.Release|Any CPU.ActiveCfg = Release|Any CPU
		{9395CFB2-04EE-4ACF-A2AB-CD46107C4796}.Release|Any CPU.Build.0 = Release|Any CPU
		{1090F9A9-B835-4ADC-8267-A66DFE761D8E}.Debug|Any CPU.ActiveCfg = Debug|Any CPU
		{1090F9A9-B835-4ADC-8267-A66DFE761D8E}.Debug|Any CPU.Build.0 = Debug|Any CPU
		{1090F9A9-B835-4ADC-8267-A66DFE761D8E}.Release|Any CPU.ActiveCfg = Release|Any CPU
		{1090F9A9-B835-4ADC-8267-A66DFE761D8E}.Release|Any CPU.Build.0 = Release|Any CPU
		{5FD62D63-BACE-4862-A25F-D5E48CE7B39A}.Debug|Any CPU.ActiveCfg = Debug|Any CPU
		{5FD62D63-BACE-4862-A25F-D5E48CE7B39A}.Debug|Any CPU.Build.0 = Debug|Any CPU
		{5FD62D63-BACE-4862-A25F-D5E48CE7B39A}.Release|Any CPU.ActiveCfg = Release|Any CPU
		{5FD62D63-BACE-4862-A25F-D5E48CE7B39A}.Release|Any CPU.Build.0 = Release|Any CPU
		{11F725C1-2A08-4A75-9A64-3EB98AB32E47}.Debug|Any CPU.ActiveCfg = Debug|Any CPU
		{11F725C1-2A08-4A75-9A64-3EB98AB32E47}.Debug|Any CPU.Build.0 = Debug|Any CPU
		{11F725C1-2A08-4A75-9A64-3EB98AB32E47}.Release|Any CPU.ActiveCfg = Release|Any CPU
		{11F725C1-2A08-4A75-9A64-3EB98AB32E47}.Release|Any CPU.Build.0 = Release|Any CPU
		{12667224-0459-4B20-98C4-EA9AE8C82CCD}.Debug|Any CPU.ActiveCfg = Debug|Any CPU
		{12667224-0459-4B20-98C4-EA9AE8C82CCD}.Debug|Any CPU.Build.0 = Debug|Any CPU
		{12667224-0459-4B20-98C4-EA9AE8C82CCD}.Release|Any CPU.ActiveCfg = Release|Any CPU
		{12667224-0459-4B20-98C4-EA9AE8C82CCD}.Release|Any CPU.Build.0 = Release|Any CPU
		{B3CE989C-210B-4DA3-A5EE-2EFFCF9FB0C6}.Debug|Any CPU.ActiveCfg = Debug|Any CPU
		{B3CE989C-210B-4DA3-A5EE-2EFFCF9FB0C6}.Debug|Any CPU.Build.0 = Debug|Any CPU
		{B3CE989C-210B-4DA3-A5EE-2EFFCF9FB0C6}.Release|Any CPU.ActiveCfg = Release|Any CPU
		{B3CE989C-210B-4DA3-A5EE-2EFFCF9FB0C6}.Release|Any CPU.Build.0 = Release|Any CPU
		{085261B8-C90B-4195-B3A2-30543C5DD383}.Debug|Any CPU.ActiveCfg = Debug|Any CPU
		{085261B8-C90B-4195-B3A2-30543C5DD383}.Debug|Any CPU.Build.0 = Debug|Any CPU
		{085261B8-C90B-4195-B3A2-30543C5DD383}.Release|Any CPU.ActiveCfg = Release|Any CPU
		{085261B8-C90B-4195-B3A2-30543C5DD383}.Release|Any CPU.Build.0 = Release|Any CPU
		{562FB54D-34E2-4552-BDB2-03C2452EDB2B}.Debug|Any CPU.ActiveCfg = Debug|Any CPU
		{562FB54D-34E2-4552-BDB2-03C2452EDB2B}.Debug|Any CPU.Build.0 = Debug|Any CPU
		{562FB54D-34E2-4552-BDB2-03C2452EDB2B}.Release|Any CPU.ActiveCfg = Release|Any CPU
		{562FB54D-34E2-4552-BDB2-03C2452EDB2B}.Release|Any CPU.Build.0 = Release|Any CPU
		{5C4B319E-6D33-4A8B-B485-D4998A2142A3}.Debug|Any CPU.ActiveCfg = Debug|Any CPU
		{5C4B319E-6D33-4A8B-B485-D4998A2142A3}.Debug|Any CPU.Build.0 = Debug|Any CPU
		{5C4B319E-6D33-4A8B-B485-D4998A2142A3}.Release|Any CPU.ActiveCfg = Release|Any CPU
		{5C4B319E-6D33-4A8B-B485-D4998A2142A3}.Release|Any CPU.Build.0 = Release|Any CPU
		{1BACA280-7D8E-41D6-9EE8-3F719F060F09}.Debug|Any CPU.ActiveCfg = Debug|Any CPU
		{1BACA280-7D8E-41D6-9EE8-3F719F060F09}.Debug|Any CPU.Build.0 = Debug|Any CPU
		{1BACA280-7D8E-41D6-9EE8-3F719F060F09}.Release|Any CPU.ActiveCfg = Release|Any CPU
		{1BACA280-7D8E-41D6-9EE8-3F719F060F09}.Release|Any CPU.Build.0 = Release|Any CPU
		{A77F7C89-289D-40C4-AD10-92FAB96A00E1}.Debug|Any CPU.ActiveCfg = Debug|Any CPU
		{A77F7C89-289D-40C4-AD10-92FAB96A00E1}.Debug|Any CPU.Build.0 = Debug|Any CPU
		{A77F7C89-289D-40C4-AD10-92FAB96A00E1}.Release|Any CPU.ActiveCfg = Release|Any CPU
		{A77F7C89-289D-40C4-AD10-92FAB96A00E1}.Release|Any CPU.Build.0 = Release|Any CPU
		{11C9B38D-DF6D-4F2B-8027-671AA9E25EF3}.Debug|Any CPU.ActiveCfg = Debug|Any CPU
		{11C9B38D-DF6D-4F2B-8027-671AA9E25EF3}.Debug|Any CPU.Build.0 = Debug|Any CPU
		{11C9B38D-DF6D-4F2B-8027-671AA9E25EF3}.Release|Any CPU.ActiveCfg = Release|Any CPU
		{11C9B38D-DF6D-4F2B-8027-671AA9E25EF3}.Release|Any CPU.Build.0 = Release|Any CPU
		{209995FC-2F87-46B2-9491-C900E173D18C}.Debug|Any CPU.ActiveCfg = Debug|Any CPU
		{209995FC-2F87-46B2-9491-C900E173D18C}.Debug|Any CPU.Build.0 = Debug|Any CPU
		{209995FC-2F87-46B2-9491-C900E173D18C}.Release|Any CPU.ActiveCfg = Release|Any CPU
		{209995FC-2F87-46B2-9491-C900E173D18C}.Release|Any CPU.Build.0 = Release|Any CPU
		{C0551417-9833-4839-BD87-F2EFA65D90FF}.Debug|Any CPU.ActiveCfg = Debug|Any CPU
		{C0551417-9833-4839-BD87-F2EFA65D90FF}.Debug|Any CPU.Build.0 = Debug|Any CPU
		{C0551417-9833-4839-BD87-F2EFA65D90FF}.Release|Any CPU.ActiveCfg = Release|Any CPU
		{C0551417-9833-4839-BD87-F2EFA65D90FF}.Release|Any CPU.Build.0 = Release|Any CPU
		{AB468D8A-BF92-4D5A-8116-175C370B0EAD}.Debug|Any CPU.ActiveCfg = Debug|Any CPU
		{AB468D8A-BF92-4D5A-8116-175C370B0EAD}.Debug|Any CPU.Build.0 = Debug|Any CPU
		{AB468D8A-BF92-4D5A-8116-175C370B0EAD}.Release|Any CPU.ActiveCfg = Release|Any CPU
		{AB468D8A-BF92-4D5A-8116-175C370B0EAD}.Release|Any CPU.Build.0 = Release|Any CPU
		{CFB9B689-E816-4D25-B309-AC9E98F1FA70}.Debug|Any CPU.ActiveCfg = Debug|Any CPU
		{CFB9B689-E816-4D25-B309-AC9E98F1FA70}.Debug|Any CPU.Build.0 = Debug|Any CPU
		{CFB9B689-E816-4D25-B309-AC9E98F1FA70}.Release|Any CPU.ActiveCfg = Release|Any CPU
		{CFB9B689-E816-4D25-B309-AC9E98F1FA70}.Release|Any CPU.Build.0 = Release|Any CPU
		{AA39E935-718F-4D2E-BA13-DC94E10F3A98}.Debug|Any CPU.ActiveCfg = Debug|Any CPU
		{AA39E935-718F-4D2E-BA13-DC94E10F3A98}.Debug|Any CPU.Build.0 = Debug|Any CPU
		{AA39E935-718F-4D2E-BA13-DC94E10F3A98}.Release|Any CPU.ActiveCfg = Release|Any CPU
		{AA39E935-718F-4D2E-BA13-DC94E10F3A98}.Release|Any CPU.Build.0 = Release|Any CPU
		{D8175655-977E-4200-B612-BF8D2DC3CCBB}.Debug|Any CPU.ActiveCfg = Debug|Any CPU
		{D8175655-977E-4200-B612-BF8D2DC3CCBB}.Debug|Any CPU.Build.0 = Debug|Any CPU
		{D8175655-977E-4200-B612-BF8D2DC3CCBB}.Release|Any CPU.ActiveCfg = Release|Any CPU
		{D8175655-977E-4200-B612-BF8D2DC3CCBB}.Release|Any CPU.Build.0 = Release|Any CPU
		{5AFF7E22-7496-4024-8090-FD1BD5B0F60C}.Debug|Any CPU.ActiveCfg = Debug|Any CPU
		{5AFF7E22-7496-4024-8090-FD1BD5B0F60C}.Debug|Any CPU.Build.0 = Debug|Any CPU
		{5AFF7E22-7496-4024-8090-FD1BD5B0F60C}.Release|Any CPU.ActiveCfg = Release|Any CPU
		{5AFF7E22-7496-4024-8090-FD1BD5B0F60C}.Release|Any CPU.Build.0 = Release|Any CPU
		{375496EF-893D-4341-A77E-B530CD95C3C5}.Debug|Any CPU.ActiveCfg = Debug|Any CPU
		{375496EF-893D-4341-A77E-B530CD95C3C5}.Debug|Any CPU.Build.0 = Debug|Any CPU
		{375496EF-893D-4341-A77E-B530CD95C3C5}.Release|Any CPU.ActiveCfg = Release|Any CPU
		{375496EF-893D-4341-A77E-B530CD95C3C5}.Release|Any CPU.Build.0 = Release|Any CPU
		{24AF6161-58E4-4E39-93E3-853ED02B5025}.Debug|Any CPU.ActiveCfg = Debug|Any CPU
		{24AF6161-58E4-4E39-93E3-853ED02B5025}.Debug|Any CPU.Build.0 = Debug|Any CPU
		{24AF6161-58E4-4E39-93E3-853ED02B5025}.Release|Any CPU.ActiveCfg = Release|Any CPU
		{24AF6161-58E4-4E39-93E3-853ED02B5025}.Release|Any CPU.Build.0 = Release|Any CPU
		{76F1E59E-BE10-40C9-B93E-847FE4502F63}.Debug|Any CPU.ActiveCfg = Debug|Any CPU
		{76F1E59E-BE10-40C9-B93E-847FE4502F63}.Debug|Any CPU.Build.0 = Debug|Any CPU
		{76F1E59E-BE10-40C9-B93E-847FE4502F63}.Release|Any CPU.ActiveCfg = Release|Any CPU
		{76F1E59E-BE10-40C9-B93E-847FE4502F63}.Release|Any CPU.Build.0 = Release|Any CPU
		{7247DA76-01CE-47AA-B3B6-7083B3275349}.Debug|Any CPU.ActiveCfg = Debug|Any CPU
		{7247DA76-01CE-47AA-B3B6-7083B3275349}.Debug|Any CPU.Build.0 = Debug|Any CPU
		{7247DA76-01CE-47AA-B3B6-7083B3275349}.Release|Any CPU.ActiveCfg = Release|Any CPU
		{7247DA76-01CE-47AA-B3B6-7083B3275349}.Release|Any CPU.Build.0 = Release|Any CPU
	EndGlobalSection
	GlobalSection(SolutionProperties) = preSolution
		HideSolutionNode = FALSE
	EndGlobalSection
	GlobalSection(NestedProjects) = preSolution
		{9395CFB2-04EE-4ACF-A2AB-CD46107C4796} = {7667DDB7-BBD4-4B7E-AE94-47578A0A88B1}
		{1090F9A9-B835-4ADC-8267-A66DFE761D8E} = {7667DDB7-BBD4-4B7E-AE94-47578A0A88B1}
		{5FD62D63-BACE-4862-A25F-D5E48CE7B39A} = {7667DDB7-BBD4-4B7E-AE94-47578A0A88B1}
		{11F725C1-2A08-4A75-9A64-3EB98AB32E47} = {7667DDB7-BBD4-4B7E-AE94-47578A0A88B1}
		{12667224-0459-4B20-98C4-EA9AE8C82CCD} = {7667DDB7-BBD4-4B7E-AE94-47578A0A88B1}
		{B3CE989C-210B-4DA3-A5EE-2EFFCF9FB0C6} = {E38DFAD3-9DBD-4CE7-BE69-3433CCCE481B}
		{085261B8-C90B-4195-B3A2-30543C5DD383} = {E38DFAD3-9DBD-4CE7-BE69-3433CCCE481B}
		{562FB54D-34E2-4552-BDB2-03C2452EDB2B} = {E38DFAD3-9DBD-4CE7-BE69-3433CCCE481B}
		{5C4B319E-6D33-4A8B-B485-D4998A2142A3} = {E38DFAD3-9DBD-4CE7-BE69-3433CCCE481B}
		{1BACA280-7D8E-41D6-9EE8-3F719F060F09} = {E38DFAD3-9DBD-4CE7-BE69-3433CCCE481B}
		{A77F7C89-289D-40C4-AD10-92FAB96A00E1} = {E38DFAD3-9DBD-4CE7-BE69-3433CCCE481B}
		{11C9B38D-DF6D-4F2B-8027-671AA9E25EF3} = {E38DFAD3-9DBD-4CE7-BE69-3433CCCE481B}
		{209995FC-2F87-46B2-9491-C900E173D18C} = {BFE0CF29-F420-4113-B11A-4DACCDA4F6FF}
		{C0551417-9833-4839-BD87-F2EFA65D90FF} = {BFE0CF29-F420-4113-B11A-4DACCDA4F6FF}
		{AB468D8A-BF92-4D5A-8116-175C370B0EAD} = {BFE0CF29-F420-4113-B11A-4DACCDA4F6FF}
		{CFB9B689-E816-4D25-B309-AC9E98F1FA70} = {BFE0CF29-F420-4113-B11A-4DACCDA4F6FF}
		{AA39E935-718F-4D2E-BA13-DC94E10F3A98} = {BFE0CF29-F420-4113-B11A-4DACCDA4F6FF}
		{D8175655-977E-4200-B612-BF8D2DC3CCBB} = {BFE0CF29-F420-4113-B11A-4DACCDA4F6FF}
		{5AFF7E22-7496-4024-8090-FD1BD5B0F60C} = {BFE0CF29-F420-4113-B11A-4DACCDA4F6FF}
		{375496EF-893D-4341-A77E-B530CD95C3C5} = {BFE0CF29-F420-4113-B11A-4DACCDA4F6FF}
		{24AF6161-58E4-4E39-93E3-853ED02B5025} = {BFE0CF29-F420-4113-B11A-4DACCDA4F6FF}
		{76F1E59E-BE10-40C9-B93E-847FE4502F63} = {BFE0CF29-F420-4113-B11A-4DACCDA4F6FF}
		{7247DA76-01CE-47AA-B3B6-7083B3275349} = {BFE0CF29-F420-4113-B11A-4DACCDA4F6FF}
	EndGlobalSection
	GlobalSection(ExtensibilityGlobals) = postSolution
		SolutionGuid = {73030F28-A233-4134-A519-EBFE30977698}
	EndGlobalSection
EndGlobal
